
Microsoft Visual Studio Solution File, Format Version 12.00
# Visual Studio Version 17
VisualStudioVersion = 17.3.32901.215
MinimumVisualStudioVersion = 10.0.40219.1
Project("{FAE04EC0-301F-11D3-BF4B-00C04F79EFBC}") = "DemoApp", "DemoApp.csproj", "{9CCB2DE7-87F5-4977-A0C6-D3D1DD6FAEC7}"
EndProject
Global
	GlobalSection(SolutionConfigurationPlatforms) = preSolution
		Debug|Any CPU = Debug|Any CPU
		Release|Any CPU = Release|Any CPU
	EndGlobalSection
	GlobalSection(ProjectConfigurationPlatforms) = postSolution
		{9CCB2DE7-87F5-4977-A0C6-D3D1DD6FAEC7}.Debug|Any CPU.ActiveCfg = Debug|Any CPU
		{9CCB2DE7-87F5-4977-A0C6-D3D1DD6FAEC7}.Debug|Any CPU.Build.0 = Debug|Any CPU
		{9CCB2DE7-87F5-4977-A0C6-D3D1DD6FAEC7}.Release|Any CPU.ActiveCfg = Release|Any CPU
		{9CCB2DE7-87F5-4977-A0C6-D3D1DD6FAEC7}.Release|Any CPU.Build.0 = Release|Any CPU
	EndGlobalSection
	GlobalSection(SolutionProperties) = preSolution
		HideSolutionNode = FALSE
	EndGlobalSection
	GlobalSection(ExtensibilityGlobals) = postSolution
		SolutionGuid = {8CD86FFD-5014-48EC-8C61-396B06607F7A}
	EndGlobalSection
EndGlobal
